// !$*UTF8*$!
{
	archiveVersion = 1;
	classes = {
	};
	objectVersion = 50;
	objects = {

/* Begin PBXBuildFile section */
		4AD66CE525B558F000CC546F /* AppDelegate.swift in Sources */ = {isa = PBXBuildFile; fileRef = 4AD66CE425B558F000CC546F /* AppDelegate.swift */; };
		4AD66CE725B558F000CC546F /* SceneDelegate.swift in Sources */ = {isa = PBXBuildFile; fileRef = 4AD66CE625B558F000CC546F /* SceneDelegate.swift */; };
		4AD66CE925B558F000CC546F /* ViewController.swift in Sources */ = {isa = PBXBuildFile; fileRef = 4AD66CE825B558F000CC546F /* ViewController.swift */; };
		4AD66CEC25B558F000CC546F /* Main.storyboard in Resources */ = {isa = PBXBuildFile; fileRef = 4AD66CEA25B558F000CC546F /* Main.storyboard */; };
		4AD66CEE25B558F300CC546F /* Assets.xcassets in Resources */ = {isa = PBXBuildFile; fileRef = 4AD66CED25B558F300CC546F /* Assets.xcassets */; };
		4AD66CF125B558F300CC546F /* LaunchScreen.storyboard in Resources */ = {isa = PBXBuildFile; fileRef = 4AD66CEF25B558F300CC546F /* LaunchScreen.storyboard */; };
		4AD66CFC25B558F400CC546F /* BLE_IntegrationTests.swift in Sources */ = {isa = PBXBuildFile; fileRef = 4AD66CFB25B558F400CC546F /* BLE_IntegrationTests.swift */; };
		4AD66D0725B558F400CC546F /* BLE_IntegrationUITests.swift in Sources */ = {isa = PBXBuildFile; fileRef = 4AD66D0625B558F400CC546F /* BLE_IntegrationUITests.swift */; };
/* End PBXBuildFile section */

/* Begin PBXContainerItemProxy section */
		4AD66CF825B558F400CC546F /* PBXContainerItemProxy */ = {
			isa = PBXContainerItemProxy;
			containerPortal = 4AD66CD925B558F000CC546F /* Project object */;
			proxyType = 1;
			remoteGlobalIDString = 4AD66CE025B558F000CC546F;
			remoteInfo = "BLE Integration";
		};
		4AD66D0325B558F400CC546F /* PBXContainerItemProxy */ = {
			isa = PBXContainerItemProxy;
			containerPortal = 4AD66CD925B558F000CC546F /* Project object */;
			proxyType = 1;
			remoteGlobalIDString = 4AD66CE025B558F000CC546F;
			remoteInfo = "BLE Integration";
		};
/* End PBXContainerItemProxy section */

/* Begin PBXFileReference section */
		4AD66CE125B558F000CC546F /* BLE Integration.app */ = {isa = PBXFileReference; explicitFileType = wrapper.application; includeInIndex = 0; path = "BLE Integration.app"; sourceTree = BUILT_PRODUCTS_DIR; };
		4AD66CE425B558F000CC546F /* AppDelegate.swift */ = {isa = PBXFileReference; lastKnownFileType = sourcecode.swift; path = AppDelegate.swift; sourceTree = "<group>"; };
		4AD66CE625B558F000CC546F /* SceneDelegate.swift */ = {isa = PBXFileReference; lastKnownFileType = sourcecode.swift; path = SceneDelegate.swift; sourceTree = "<group>"; };
		4AD66CE825B558F000CC546F /* ViewController.swift */ = {isa = PBXFileReference; lastKnownFileType = sourcecode.swift; path = ViewController.swift; sourceTree = "<group>"; };
		4AD66CEB25B558F000CC546F /* Base */ = {isa = PBXFileReference; lastKnownFileType = file.storyboard; name = Base; path = Base.lproj/Main.storyboard; sourceTree = "<group>"; };
		4AD66CED25B558F300CC546F /* Assets.xcassets */ = {isa = PBXFileReference; lastKnownFileType = folder.assetcatalog; path = Assets.xcassets; sourceTree = "<group>"; };
		4AD66CF025B558F300CC546F /* Base */ = {isa = PBXFileReference; lastKnownFileType = file.storyboard; name = Base; path = Base.lproj/LaunchScreen.storyboard; sourceTree = "<group>"; };
		4AD66CF225B558F300CC546F /* Info.plist */ = {isa = PBXFileReference; lastKnownFileType = text.plist.xml; path = Info.plist; sourceTree = "<group>"; };
		4AD66CF725B558F400CC546F /* BLE IntegrationTests.xctest */ = {isa = PBXFileReference; explicitFileType = wrapper.cfbundle; includeInIndex = 0; path = "BLE IntegrationTests.xctest"; sourceTree = BUILT_PRODUCTS_DIR; };
		4AD66CFB25B558F400CC546F /* BLE_IntegrationTests.swift */ = {isa = PBXFileReference; lastKnownFileType = sourcecode.swift; path = BLE_IntegrationTests.swift; sourceTree = "<group>"; };
		4AD66CFD25B558F400CC546F /* Info.plist */ = {isa = PBXFileReference; lastKnownFileType = text.plist.xml; path = Info.plist; sourceTree = "<group>"; };
		4AD66D0225B558F400CC546F /* BLE IntegrationUITests.xctest */ = {isa = PBXFileReference; explicitFileType = wrapper.cfbundle; includeInIndex = 0; path = "BLE IntegrationUITests.xctest"; sourceTree = BUILT_PRODUCTS_DIR; };
		4AD66D0625B558F400CC546F /* BLE_IntegrationUITests.swift */ = {isa = PBXFileReference; lastKnownFileType = sourcecode.swift; path = BLE_IntegrationUITests.swift; sourceTree = "<group>"; };
		4AD66D0825B558F400CC546F /* Info.plist */ = {isa = PBXFileReference; lastKnownFileType = text.plist.xml; path = Info.plist; sourceTree = "<group>"; };
/* End PBXFileReference section */

/* Begin PBXFrameworksBuildPhase section */
		4AD66CDE25B558F000CC546F /* Frameworks */ = {
			isa = PBXFrameworksBuildPhase;
			buildActionMask = 2147483647;
			files = (
			);
			runOnlyForDeploymentPostprocessing = 0;
		};
		4AD66CF425B558F400CC546F /* Frameworks */ = {
			isa = PBXFrameworksBuildPhase;
			buildActionMask = 2147483647;
			files = (
			);
			runOnlyForDeploymentPostprocessing = 0;
		};
		4AD66CFF25B558F400CC546F /* Frameworks */ = {
			isa = PBXFrameworksBuildPhase;
			buildActionMask = 2147483647;
			files = (
			);
			runOnlyForDeploymentPostprocessing = 0;
		};
/* End PBXFrameworksBuildPhase section */

/* Begin PBXGroup section */
		4AD66CD825B558F000CC546F = {
			isa = PBXGroup;
			children = (
				4AD66CE325B558F000CC546F /* BLE Integration */,
				4AD66CFA25B558F400CC546F /* BLE IntegrationTests */,
				4AD66D0525B558F400CC546F /* BLE IntegrationUITests */,
				4AD66CE225B558F000CC546F /* Products */,
			);
			sourceTree = "<group>";
		};
		4AD66CE225B558F000CC546F /* Products */ = {
			isa = PBXGroup;
			children = (
				4AD66CE125B558F000CC546F /* BLE Integration.app */,
				4AD66CF725B558F400CC546F /* BLE IntegrationTests.xctest */,
				4AD66D0225B558F400CC546F /* BLE IntegrationUITests.xctest */,
			);
			name = Products;
			sourceTree = "<group>";
		};
		4AD66CE325B558F000CC546F /* BLE Integration */ = {
			isa = PBXGroup;
			children = (
				4AD66CE425B558F000CC546F /* AppDelegate.swift */,
				4AD66CE625B558F000CC546F /* SceneDelegate.swift */,
				4AD66CE825B558F000CC546F /* ViewController.swift */,
				4AD66CEA25B558F000CC546F /* Main.storyboard */,
				4AD66CED25B558F300CC546F /* Assets.xcassets */,
				4AD66CEF25B558F300CC546F /* LaunchScreen.storyboard */,
				4AD66CF225B558F300CC546F /* Info.plist */,
			);
			path = "BLE Integration";
			sourceTree = "<group>";
		};
		4AD66CFA25B558F400CC546F /* BLE IntegrationTests */ = {
			isa = PBXGroup;
			children = (
				4AD66CFB25B558F400CC546F /* BLE_IntegrationTests.swift */,
				4AD66CFD25B558F400CC546F /* Info.plist */,
			);
			path = "BLE IntegrationTests";
			sourceTree = "<group>";
		};
		4AD66D0525B558F400CC546F /* BLE IntegrationUITests */ = {
			isa = PBXGroup;
			children = (
				4AD66D0625B558F400CC546F /* BLE_IntegrationUITests.swift */,
				4AD66D0825B558F400CC546F /* Info.plist */,
			);
			path = "BLE IntegrationUITests";
			sourceTree = "<group>";
		};
/* End PBXGroup section */

/* Begin PBXNativeTarget section */
		4AD66CE025B558F000CC546F /* BLE Integration */ = {
			isa = PBXNativeTarget;
			buildConfigurationList = 4AD66D0B25B558F400CC546F /* Build configuration list for PBXNativeTarget "BLE Integration" */;
			buildPhases = (
				4AD66CDD25B558F000CC546F /* Sources */,
				4AD66CDE25B558F000CC546F /* Frameworks */,
				4AD66CDF25B558F000CC546F /* Resources */,
			);
			buildRules = (
			);
			dependencies = (
			);
			name = "BLE Integration";
			productName = "BLE Integration";
			productReference = 4AD66CE125B558F000CC546F /* BLE Integration.app */;
			productType = "com.apple.product-type.application";
		};
		4AD66CF625B558F400CC546F /* BLE IntegrationTests */ = {
			isa = PBXNativeTarget;
			buildConfigurationList = 4AD66D0E25B558F400CC546F /* Build configuration list for PBXNativeTarget "BLE IntegrationTests" */;
			buildPhases = (
				4AD66CF325B558F400CC546F /* Sources */,
				4AD66CF425B558F400CC546F /* Frameworks */,
				4AD66CF525B558F400CC546F /* Resources */,
			);
			buildRules = (
			);
			dependencies = (
				4AD66CF925B558F400CC546F /* PBXTargetDependency */,
			);
			name = "BLE IntegrationTests";
			productName = "BLE IntegrationTests";
			productReference = 4AD66CF725B558F400CC546F /* BLE IntegrationTests.xctest */;
			productType = "com.apple.product-type.bundle.unit-test";
		};
		4AD66D0125B558F400CC546F /* BLE IntegrationUITests */ = {
			isa = PBXNativeTarget;
			buildConfigurationList = 4AD66D1125B558F400CC546F /* Build configuration list for PBXNativeTarget "BLE IntegrationUITests" */;
			buildPhases = (
				4AD66CFE25B558F400CC546F /* Sources */,
				4AD66CFF25B558F400CC546F /* Frameworks */,
				4AD66D0025B558F400CC546F /* Resources */,
			);
			buildRules = (
			);
			dependencies = (
				4AD66D0425B558F400CC546F /* PBXTargetDependency */,
			);
			name = "BLE IntegrationUITests";
			productName = "BLE IntegrationUITests";
			productReference = 4AD66D0225B558F400CC546F /* BLE IntegrationUITests.xctest */;
			productType = "com.apple.product-type.bundle.ui-testing";
		};
/* End PBXNativeTarget section */

/* Begin PBXProject section */
		4AD66CD925B558F000CC546F /* Project object */ = {
			isa = PBXProject;
			attributes = {
				LastSwiftUpdateCheck = 1200;
				LastUpgradeCheck = 1200;
				TargetAttributes = {
					4AD66CE025B558F000CC546F = {
						CreatedOnToolsVersion = 12.0.1;
					};
					4AD66CF625B558F400CC546F = {
						CreatedOnToolsVersion = 12.0.1;
						TestTargetID = 4AD66CE025B558F000CC546F;
					};
					4AD66D0125B558F400CC546F = {
						CreatedOnToolsVersion = 12.0.1;
						TestTargetID = 4AD66CE025B558F000CC546F;
					};
				};
			};
			buildConfigurationList = 4AD66CDC25B558F000CC546F /* Build configuration list for PBXProject "BLE Integration" */;
			compatibilityVersion = "Xcode 9.3";
			developmentRegion = en;
			hasScannedForEncodings = 0;
			knownRegions = (
				en,
				Base,
			);
			mainGroup = 4AD66CD825B558F000CC546F;
			productRefGroup = 4AD66CE225B558F000CC546F /* Products */;
			projectDirPath = "";
			projectRoot = "";
			targets = (
				4AD66CE025B558F000CC546F /* BLE Integration */,
				4AD66CF625B558F400CC546F /* BLE IntegrationTests */,
				4AD66D0125B558F400CC546F /* BLE IntegrationUITests */,
			);
		};
/* End PBXProject section */

/* Begin PBXResourcesBuildPhase section */
		4AD66CDF25B558F000CC546F /* Resources */ = {
			isa = PBXResourcesBuildPhase;
			buildActionMask = 2147483647;
			files = (
				4AD66CF125B558F300CC546F /* LaunchScreen.storyboard in Resources */,
				4AD66CEE25B558F300CC546F /* Assets.xcassets in Resources */,
				4AD66CEC25B558F000CC546F /* Main.storyboard in Resources */,
			);
			runOnlyForDeploymentPostprocessing = 0;
		};
		4AD66CF525B558F400CC546F /* Resources */ = {
			isa = PBXResourcesBuildPhase;
			buildActionMask = 2147483647;
			files = (
			);
			runOnlyForDeploymentPostprocessing = 0;
		};
		4AD66D0025B558F400CC546F /* Resources */ = {
			isa = PBXResourcesBuildPhase;
			buildActionMask = 2147483647;
			files = (
			);
			runOnlyForDeploymentPostprocessing = 0;
		};
/* End PBXResourcesBuildPhase section */

/* Begin PBXSourcesBuildPhase section */
		4AD66CDD25B558F000CC546F /* Sources */ = {
			isa = PBXSourcesBuildPhase;
			buildActionMask = 2147483647;
			files = (
				4AD66CE925B558F000CC546F /* ViewController.swift in Sources */,
				4AD66CE525B558F000CC546F /* AppDelegate.swift in Sources */,
				4AD66CE725B558F000CC546F /* SceneDelegate.swift in Sources */,
			);
			runOnlyForDeploymentPostprocessing = 0;
		};
		4AD66CF325B558F400CC546F /* Sources */ = {
			isa = PBXSourcesBuildPhase;
			buildActionMask = 2147483647;
			files = (
				4AD66CFC25B558F400CC546F /* BLE_IntegrationTests.swift in Sources */,
			);
			runOnlyForDeploymentPostprocessing = 0;
		};
		4AD66CFE25B558F400CC546F /* Sources */ = {
			isa = PBXSourcesBuildPhase;
			buildActionMask = 2147483647;
			files = (
				4AD66D0725B558F400CC546F /* BLE_IntegrationUITests.swift in Sources */,
			);
			runOnlyForDeploymentPostprocessing = 0;
		};
/* End PBXSourcesBuildPhase section */

/* Begin PBXTargetDependency section */
		4AD66CF925B558F400CC546F /* PBXTargetDependency */ = {
			isa = PBXTargetDependency;
			target = 4AD66CE025B558F000CC546F /* BLE Integration */;
			targetProxy = 4AD66CF825B558F400CC546F /* PBXContainerItemProxy */;
		};
		4AD66D0425B558F400CC546F /* PBXTargetDependency */ = {
			isa = PBXTargetDependency;
			target = 4AD66CE025B558F000CC546F /* BLE Integration */;
			targetProxy = 4AD66D0325B558F400CC546F /* PBXContainerItemProxy */;
		};
/* End PBXTargetDependency section */

/* Begin PBXVariantGroup section */
		4AD66CEA25B558F000CC546F /* Main.storyboard */ = {
			isa = PBXVariantGroup;
			children = (
				4AD66CEB25B558F000CC546F /* Base */,
			);
			name = Main.storyboard;
			sourceTree = "<group>";
		};
		4AD66CEF25B558F300CC546F /* LaunchScreen.storyboard */ = {
			isa = PBXVariantGroup;
			children = (
				4AD66CF025B558F300CC546F /* Base */,
			);
			name = LaunchScreen.storyboard;
			sourceTree = "<group>";
		};
/* End PBXVariantGroup section */

/* Begin XCBuildConfiguration section */
		4AD66D0925B558F400CC546F /* Debug */ = {
			isa = XCBuildConfiguration;
			buildSettings = {
				ALWAYS_SEARCH_USER_PATHS = NO;
				CLANG_ANALYZER_NONNULL = YES;
				CLANG_ANALYZER_NUMBER_OBJECT_CONVERSION = YES_AGGRESSIVE;
				CLANG_CXX_LANGUAGE_STANDARD = "gnu++14";
				CLANG_CXX_LIBRARY = "libc++";
				CLANG_ENABLE_MODULES = YES;
				CLANG_ENABLE_OBJC_ARC = YES;
				CLANG_ENABLE_OBJC_WEAK = YES;
				CLANG_WARN_BLOCK_CAPTURE_AUTORELEASING = YES;
				CLANG_WARN_BOOL_CONVERSION = YES;
				CLANG_WARN_COMMA = YES;
				CLANG_WARN_CONSTANT_CONVERSION = YES;
				CLANG_WARN_DEPRECATED_OBJC_IMPLEMENTATIONS = YES;
				CLANG_WARN_DIRECT_OBJC_ISA_USAGE = YES_ERROR;
				CLANG_WARN_DOCUMENTATION_COMMENTS = YES;
				CLANG_WARN_EMPTY_BODY = YES;
				CLANG_WARN_ENUM_CONVERSION = YES;
				CLANG_WARN_INFINITE_RECURSION = YES;
				CLANG_WARN_INT_CONVERSION = YES;
				CLANG_WARN_NON_LITERAL_NULL_CONVERSION = YES;
				CLANG_WARN_OBJC_IMPLICIT_RETAIN_SELF = YES;
				CLANG_WARN_OBJC_LITERAL_CONVERSION = YES;
				CLANG_WARN_OBJC_ROOT_CLASS = YES_ERROR;
				CLANG_WARN_QUOTED_INCLUDE_IN_FRAMEWORK_HEADER = YES;
				CLANG_WARN_RANGE_LOOP_ANALYSIS = YES;
				CLANG_WARN_STRICT_PROTOTYPES = YES;
				CLANG_WARN_SUSPICIOUS_MOVE = YES;
				CLANG_WARN_UNGUARDED_AVAILABILITY = YES_AGGRESSIVE;
				CLANG_WARN_UNREACHABLE_CODE = YES;
				CLANG_WARN__DUPLICATE_METHOD_MATCH = YES;
				COPY_PHASE_STRIP = NO;
				DEBUG_INFORMATION_FORMAT = dwarf;
				ENABLE_STRICT_OBJC_MSGSEND = YES;
				ENABLE_TESTABILITY = YES;
				GCC_C_LANGUAGE_STANDARD = gnu11;
				GCC_DYNAMIC_NO_PIC = NO;
				GCC_NO_COMMON_BLOCKS = YES;
				GCC_OPTIMIZATION_LEVEL = 0;
				GCC_PREPROCESSOR_DEFINITIONS = (
					"DEBUG=1",
					"$(inherited)",
				);
				GCC_WARN_64_TO_32_BIT_CONVERSION = YES;
				GCC_WARN_ABOUT_RETURN_TYPE = YES_ERROR;
				GCC_WARN_UNDECLARED_SELECTOR = YES;
				GCC_WARN_UNINITIALIZED_AUTOS = YES_AGGRESSIVE;
				GCC_WARN_UNUSED_FUNCTION = YES;
				GCC_WARN_UNUSED_VARIABLE = YES;
				IPHONEOS_DEPLOYMENT_TARGET = 14.0;
				MTL_ENABLE_DEBUG_INFO = INCLUDE_SOURCE;
				MTL_FAST_MATH = YES;
				ONLY_ACTIVE_ARCH = YES;
				SDKROOT = iphoneos;
				SWIFT_ACTIVE_COMPILATION_CONDITIONS = DEBUG;
				SWIFT_OPTIMIZATION_LEVEL = "-Onone";
			};
			name = Debug;
		};
		4AD66D0A25B558F400CC546F /* Release */ = {
			isa = XCBuildConfiguration;
			buildSettings = {
				ALWAYS_SEARCH_USER_PATHS = NO;
				CLANG_ANALYZER_NONNULL = YES;
				CLANG_ANALYZER_NUMBER_OBJECT_CONVERSION = YES_AGGRESSIVE;
				CLANG_CXX_LANGUAGE_STANDARD = "gnu++14";
				CLANG_CXX_LIBRARY = "libc++";
				CLANG_ENABLE_MODULES = YES;
				CLANG_ENABLE_OBJC_ARC = YES;
				CLANG_ENABLE_OBJC_WEAK = YES;
				CLANG_WARN_BLOCK_CAPTURE_AUTORELEASING = YES;
				CLANG_WARN_BOOL_CONVERSION = YES;
				CLANG_WARN_COMMA = YES;
				CLANG_WARN_CONSTANT_CONVERSION = YES;
				CLANG_WARN_DEPRECATED_OBJC_IMPLEMENTATIONS = YES;
				CLANG_WARN_DIRECT_OBJC_ISA_USAGE = YES_ERROR;
				CLANG_WARN_DOCUMENTATION_COMMENTS = YES;
				CLANG_WARN_EMPTY_BODY = YES;
				CLANG_WARN_ENUM_CONVERSION = YES;
				CLANG_WARN_INFINITE_RECURSION = YES;
				CLANG_WARN_INT_CONVERSION = YES;
				CLANG_WARN_NON_LITERAL_NULL_CONVERSION = YES;
				CLANG_WARN_OBJC_IMPLICIT_RETAIN_SELF = YES;
				CLANG_WARN_OBJC_LITERAL_CONVERSION = YES;
				CLANG_WARN_OBJC_ROOT_CLASS = YES_ERROR;
				CLANG_WARN_QUOTED_INCLUDE_IN_FRAMEWORK_HEADER = YES;
				CLANG_WARN_RANGE_LOOP_ANALYSIS = YES;
				CLANG_WARN_STRICT_PROTOTYPES = YES;
				CLANG_WARN_SUSPICIOUS_MOVE = YES;
				CLANG_WARN_UNGUARDED_AVAILABILITY = YES_AGGRESSIVE;
				CLANG_WARN_UNREACHABLE_CODE = YES;
				CLANG_WARN__DUPLICATE_METHOD_MATCH = YES;
				COPY_PHASE_STRIP = NO;
				DEBUG_INFORMATION_FORMAT = "dwarf-with-dsym";
				ENABLE_NS_ASSERTIONS = NO;
				ENABLE_STRICT_OBJC_MSGSEND = YES;
				GCC_C_LANGUAGE_STANDARD = gnu11;
				GCC_NO_COMMON_BLOCKS = YES;
				GCC_WARN_64_TO_32_BIT_CONVERSION = YES;
				GCC_WARN_ABOUT_RETURN_TYPE = YES_ERROR;
				GCC_WARN_UNDECLARED_SELECTOR = YES;
				GCC_WARN_UNINITIALIZED_AUTOS = YES_AGGRESSIVE;
				GCC_WARN_UNUSED_FUNCTION = YES;
				GCC_WARN_UNUSED_VARIABLE = YES;
				IPHONEOS_DEPLOYMENT_TARGET = 14.0;
				MTL_ENABLE_DEBUG_INFO = NO;
				MTL_FAST_MATH = YES;
				SDKROOT = iphoneos;
				SWIFT_COMPILATION_MODE = wholemodule;
				SWIFT_OPTIMIZATION_LEVEL = "-O";
				VALIDATE_PRODUCT = YES;
			};
			name = Release;
		};
		4AD66D0C25B558F400CC546F /* Debug */ = {
			isa = XCBuildConfiguration;
			buildSettings = {
				ASSETCATALOG_COMPILER_APPICON_NAME = AppIcon;
				ASSETCATALOG_COMPILER_GLOBAL_ACCENT_COLOR_NAME = AccentColor;
				CODE_SIGN_STYLE = Automatic;
				DEVELOPMENT_TEAM = E5DRTK6U2B;
				INFOPLIST_FILE = "BLE Integration/Info.plist";
				LD_RUNPATH_SEARCH_PATHS = (
					"$(inherited)",
					"@executable_path/Frameworks",
				);
				PRODUCT_BUNDLE_IDENTIFIER = "com.bleintegration.alihewiagh.BLE-Integration";
				PRODUCT_NAME = "$(TARGET_NAME)";
				SWIFT_VERSION = 5.0;
				TARGETED_DEVICE_FAMILY = "1,2";
			};
			name = Debug;
		};
		4AD66D0D25B558F400CC546F /* Release */ = {
			isa = XCBuildConfiguration;
			buildSettings = {
				ASSETCATALOG_COMPILER_APPICON_NAME = AppIcon;
				ASSETCATALOG_COMPILER_GLOBAL_ACCENT_COLOR_NAME = AccentColor;
				CODE_SIGN_STYLE = Automatic;
				DEVELOPMENT_TEAM = E5DRTK6U2B;
				INFOPLIST_FILE = "BLE Integration/Info.plist";
				LD_RUNPATH_SEARCH_PATHS = (
					"$(inherited)",
					"@executable_path/Frameworks",
				);
				PRODUCT_BUNDLE_IDENTIFIER = "com.bleintegration.alihewiagh.BLE-Integration";
				PRODUCT_NAME = "$(TARGET_NAME)";
				SWIFT_VERSION = 5.0;
				TARGETED_DEVICE_FAMILY = "1,2";
			};
			name = Release;
		};
		4AD66D0F25B558F400CC546F /* Debug */ = {
			isa = XCBuildConfiguration;
			buildSettings = {
				ALWAYS_EMBED_SWIFT_STANDARD_LIBRARIES = YES;
				BUNDLE_LOADER = "$(TEST_HOST)";
				CODE_SIGN_STYLE = Automatic;
				DEVELOPMENT_TEAM = E5DRTK6U2B;
				INFOPLIST_FILE = "BLE IntegrationTests/Info.plist";
				IPHONEOS_DEPLOYMENT_TARGET = 14.0;
				LD_RUNPATH_SEARCH_PATHS = (
					"$(inherited)",
					"@executable_path/Frameworks",
					"@loader_path/Frameworks",
				);
				PRODUCT_BUNDLE_IDENTIFIER = "com.bleintegration.alihewiagh.BLE-IntegrationTests";
				PRODUCT_NAME = "$(TARGET_NAME)";
				SWIFT_VERSION = 5.0;
				TARGETED_DEVICE_FAMILY = "1,2";
				TEST_HOST = "$(BUILT_PRODUCTS_DIR)/BLE Integration.app/BLE Integration";
			};
			name = Debug;
		};
		4AD66D1025B558F400CC546F /* Release */ = {
			isa = XCBuildConfiguration;
			buildSettings = {
				ALWAYS_EMBED_SWIFT_STANDARD_LIBRARIES = YES;
				BUNDLE_LOADER = "$(TEST_HOST)";
				CODE_SIGN_STYLE = Automatic;
				DEVELOPMENT_TEAM = E5DRTK6U2B;
				INFOPLIST_FILE = "BLE IntegrationTests/Info.plist";
				IPHONEOS_DEPLOYMENT_TARGET = 14.0;
				LD_RUNPATH_SEARCH_PATHS = (
					"$(inherited)",
					"@executable_path/Frameworks",
					"@loader_path/Frameworks",
				);
				PRODUCT_BUNDLE_IDENTIFIER = "com.bleintegration.alihewiagh.BLE-IntegrationTests";
				PRODUCT_NAME = "$(TARGET_NAME)";
				SWIFT_VERSION = 5.0;
				TARGETED_DEVICE_FAMILY = "1,2";
				TEST_HOST = "$(BUILT_PRODUCTS_DIR)/BLE Integration.app/BLE Integration";
			};
			name = Release;
		};
		4AD66D1225B558F400CC546F /* Debug */ = {
			isa = XCBuildConfiguration;
			buildSettings = {
				ALWAYS_EMBED_SWIFT_STANDARD_LIBRARIES = YES;
				CODE_SIGN_STYLE = Automatic;
				DEVELOPMENT_TEAM = E5DRTK6U2B;
				INFOPLIST_FILE = "BLE IntegrationUITests/Info.plist";
				LD_RUNPATH_SEARCH_PATHS = (
					"$(inherited)",
					"@executable_path/Frameworks",
					"@loader_path/Frameworks",
				);
				PRODUCT_BUNDLE_IDENTIFIER = "com.bleintegration.alihewiagh.BLE-IntegrationUITests";
				PRODUCT_NAME = "$(TARGET_NAME)";
				SWIFT_VERSION = 5.0;
				TARGETED_DEVICE_FAMILY = "1,2";
				TEST_TARGET_NAME = "BLE Integration";
			};
			name = Debug;
		};
		4AD66D1325B558F400CC546F /* Release */ = {
			isa = XCBuildConfiguration;
			buildSettings = {
				ALWAYS_EMBED_SWIFT_STANDARD_LIBRARIES = YES;
				CODE_SIGN_STYLE = Automatic;
				DEVELOPMENT_TEAM = E5DRTK6U2B;
				INFOPLIST_FILE = "BLE IntegrationUITests/Info.plist";
				LD_RUNPATH_SEARCH_PATHS = (
					"$(inherited)",
					"@executable_path/Frameworks",
					"@loader_path/Frameworks",
				);
				PRODUCT_BUNDLE_IDENTIFIER = "com.bleintegration.alihewiagh.BLE-IntegrationUITests";
				PRODUCT_NAME = "$(TARGET_NAME)";
				SWIFT_VERSION = 5.0;
				TARGETED_DEVICE_FAMILY = "1,2";
				TEST_TARGET_NAME = "BLE Integration";
			};
			name = Release;
		};
/* End XCBuildConfiguration section */

/* Begin XCConfigurationList section */
		4AD66CDC25B558F000CC546F /* Build configuration list for PBXProject "BLE Integration" */ = {
			isa = XCConfigurationList;
			buildConfigurations = (
				4AD66D0925B558F400CC546F /* Debug */,
				4AD66D0A25B558F400CC546F /* Release */,
			);
			defaultConfigurationIsVisible = 0;
			defaultConfigurationName = Release;
		};
		4AD66D0B25B558F400CC546F /* Build configuration list for PBXNativeTarget "BLE Integration" */ = {
			isa = XCConfigurationList;
			buildConfigurations = (
				4AD66D0C25B558F400CC546F /* Debug */,
				4AD66D0D25B558F400CC546F /* Release */,
			);
			defaultConfigurationIsVisible = 0;
			defaultConfigurationName = Release;
		};
		4AD66D0E25B558F400CC546F /* Build configuration list for PBXNativeTarget "BLE IntegrationTests" */ = {
			isa = XCConfigurationList;
			buildConfigurations = (
				4AD66D0F25B558F400CC546F /* Debug */,
				4AD66D1025B558F400CC546F /* Release */,
			);
			defaultConfigurationIsVisible = 0;
			defaultConfigurationName = Release;
		};
		4AD66D1125B558F400CC546F /* Build configuration list for PBXNativeTarget "BLE IntegrationUITests" */ = {
			isa = XCConfigurationList;
			buildConfigurations = (
				4AD66D1225B558F400CC546F /* Debug */,
				4AD66D1325B558F400CC546F /* Release */,
			);
			defaultConfigurationIsVisible = 0;
			defaultConfigurationName = Release;
		};
/* End XCConfigurationList section */
	};
	rootObject = 4AD66CD925B558F000CC546F /* Project object */;
}
